// !$*UTF8*$!
{
	archiveVersion = 1;
	classes = {
	};
	objectVersion = 50;
	objects = {

/* Begin PBXBuildFile section */
		06666C02210BBB7700D941A4 /* ExtensionHelper.swift in Sources */ = {isa = PBXBuildFile; fileRef = 06666C01210BBB7700D941A4 /* ExtensionHelper.swift */; };
		06666C06210C39D100D941A4 /* ResultsTableViewCell.swift in Sources */ = {isa = PBXBuildFile; fileRef = 06666C05210C39D100D941A4 /* ResultsTableViewCell.swift */; };
		06666C08210D106800D941A4 /* GeneralProduct.swift in Sources */ = {isa = PBXBuildFile; fileRef = 06666C07210D106800D941A4 /* GeneralProduct.swift */; };
		06666C0A210F8B1300D941A4 /* ProductFacade.swift in Sources */ = {isa = PBXBuildFile; fileRef = 06666C09210F8B1300D941A4 /* ProductFacade.swift */; };
		0688FFCF210B6FEE0032878D /* Constants.swift in Sources */ = {isa = PBXBuildFile; fileRef = 0688FFCE210B6FEE0032878D /* Constants.swift */; };
		0688FFD3210B7F9C0032878D /* HomeViewController.swift in Sources */ = {isa = PBXBuildFile; fileRef = 0688FFD2210B7F9C0032878D /* HomeViewController.swift */; };
		0688FFD5210B95700032878D /* CameraViewController.swift in Sources */ = {isa = PBXBuildFile; fileRef = 0688FFD4210B95700032878D /* CameraViewController.swift */; };
		068CD0092110CBDA001CB932 /* FullResultsTableViewController.swift in Sources */ = {isa = PBXBuildFile; fileRef = 068CD0082110CBDA001CB932 /* FullResultsTableViewController.swift */; };
		068CD00B2110D65A001CB932 /* FavoriteTableViewController.swift in Sources */ = {isa = PBXBuildFile; fileRef = 068CD00A2110D65A001CB932 /* FavoriteTableViewController.swift */; };
		068CD00D2110D70C001CB932 /* FullResultsTableViewCell.swift in Sources */ = {isa = PBXBuildFile; fileRef = 068CD00C2110D70C001CB932 /* FullResultsTableViewCell.swift */; };
		068CD00F2110D72A001CB932 /* FavoriteTableViewCell.swift in Sources */ = {isa = PBXBuildFile; fileRef = 068CD00E2110D72A001CB932 /* FavoriteTableViewCell.swift */; };
		068E435E211E1E3000E51517 /* ResultsNavigationViewController.swift in Sources */ = {isa = PBXBuildFile; fileRef = 068E435D211E1E3000E51517 /* ResultsNavigationViewController.swift */; };
		06A6EB402107CA300077187A /* Walmart.swift in Sources */ = {isa = PBXBuildFile; fileRef = 06A6EB3F2107CA300077187A /* Walmart.swift */; };
		06A6EB422107EDD60077187A /* WalmartController.swift in Sources */ = {isa = PBXBuildFile; fileRef = 06A6EB412107EDD60077187A /* WalmartController.swift */; };
		06A6EB4421092F8C0077187A /* Ebay.swift in Sources */ = {isa = PBXBuildFile; fileRef = 06A6EB4321092F8C0077187A /* Ebay.swift */; };
		06A6EB4621093FCF0077187A /* EbayController.swift in Sources */ = {isa = PBXBuildFile; fileRef = 06A6EB4521093FCF0077187A /* EbayController.swift */; };
		06DF2A5D2117C0F400464541 /* RoundedImage.swift in Sources */ = {isa = PBXBuildFile; fileRef = 06DF2A5C2117C0F400464541 /* RoundedImage.swift */; };
		06DF2A5F2118DE1800464541 /* TabViewController.swift in Sources */ = {isa = PBXBuildFile; fileRef = 06DF2A5E2118DE1800464541 /* TabViewController.swift */; };
		06F6E12D2106605C00FF8E7F /* AppDelegate.swift in Sources */ = {isa = PBXBuildFile; fileRef = 06F6E12C2106605C00FF8E7F /* AppDelegate.swift */; };
		06F6E1322106605C00FF8E7F /* Main.storyboard in Resources */ = {isa = PBXBuildFile; fileRef = 06F6E1302106605C00FF8E7F /* Main.storyboard */; };
		06F6E1342106605D00FF8E7F /* Assets.xcassets in Resources */ = {isa = PBXBuildFile; fileRef = 06F6E1332106605D00FF8E7F /* Assets.xcassets */; };
		06F6E1372106605D00FF8E7F /* LaunchScreen.storyboard in Resources */ = {isa = PBXBuildFile; fileRef = 06F6E1352106605D00FF8E7F /* LaunchScreen.storyboard */; };
		06FFD55B2114CFEA009CE02C /* CameraResultsViewController.swift in Sources */ = {isa = PBXBuildFile; fileRef = 06FFD55A2114CFEA009CE02C /* CameraResultsViewController.swift */; };
		AA4A0E89A84234DEAFD77516 /* Pods_BestDeal.framework in Frameworks */ = {isa = PBXBuildFile; fileRef = 746AF3892E12B307C4F95E38 /* Pods_BestDeal.framework */; };
/* End PBXBuildFile section */

/* Begin PBXFileReference section */
		06666C01210BBB7700D941A4 /* ExtensionHelper.swift */ = {isa = PBXFileReference; lastKnownFileType = sourcecode.swift; path = ExtensionHelper.swift; sourceTree = "<group>"; };
		06666C05210C39D100D941A4 /* ResultsTableViewCell.swift */ = {isa = PBXFileReference; lastKnownFileType = sourcecode.swift; path = ResultsTableViewCell.swift; sourceTree = "<group>"; };
		06666C07210D106800D941A4 /* GeneralProduct.swift */ = {isa = PBXFileReference; lastKnownFileType = sourcecode.swift; path = GeneralProduct.swift; sourceTree = "<group>"; };
		06666C09210F8B1300D941A4 /* ProductFacade.swift */ = {isa = PBXFileReference; lastKnownFileType = sourcecode.swift; path = ProductFacade.swift; sourceTree = "<group>"; };
		0688FFCE210B6FEE0032878D /* Constants.swift */ = {isa = PBXFileReference; lastKnownFileType = sourcecode.swift; path = Constants.swift; sourceTree = "<group>"; };
		0688FFD2210B7F9C0032878D /* HomeViewController.swift */ = {isa = PBXFileReference; lastKnownFileType = sourcecode.swift; path = HomeViewController.swift; sourceTree = "<group>"; };
		0688FFD4210B95700032878D /* CameraViewController.swift */ = {isa = PBXFileReference; lastKnownFileType = sourcecode.swift; path = CameraViewController.swift; sourceTree = "<group>"; };
		068CD0082110CBDA001CB932 /* FullResultsTableViewController.swift */ = {isa = PBXFileReference; lastKnownFileType = sourcecode.swift; path = FullResultsTableViewController.swift; sourceTree = "<group>"; };
		068CD00A2110D65A001CB932 /* FavoriteTableViewController.swift */ = {isa = PBXFileReference; lastKnownFileType = sourcecode.swift; path = FavoriteTableViewController.swift; sourceTree = "<group>"; };
		068CD00C2110D70C001CB932 /* FullResultsTableViewCell.swift */ = {isa = PBXFileReference; lastKnownFileType = sourcecode.swift; path = FullResultsTableViewCell.swift; sourceTree = "<group>"; };
		068CD00E2110D72A001CB932 /* FavoriteTableViewCell.swift */ = {isa = PBXFileReference; lastKnownFileType = sourcecode.swift; path = FavoriteTableViewCell.swift; sourceTree = "<group>"; };
		068E435D211E1E3000E51517 /* ResultsNavigationViewController.swift */ = {isa = PBXFileReference; lastKnownFileType = sourcecode.swift; path = ResultsNavigationViewController.swift; sourceTree = "<group>"; };
		06A6EB3F2107CA300077187A /* Walmart.swift */ = {isa = PBXFileReference; lastKnownFileType = sourcecode.swift; path = Walmart.swift; sourceTree = "<group>"; };
		06A6EB412107EDD60077187A /* WalmartController.swift */ = {isa = PBXFileReference; lastKnownFileType = sourcecode.swift; path = WalmartController.swift; sourceTree = "<group>"; };
		06A6EB4321092F8C0077187A /* Ebay.swift */ = {isa = PBXFileReference; lastKnownFileType = sourcecode.swift; path = Ebay.swift; sourceTree = "<group>"; };
		06A6EB4521093FCF0077187A /* EbayController.swift */ = {isa = PBXFileReference; lastKnownFileType = sourcecode.swift; path = EbayController.swift; sourceTree = "<group>"; };
		06DF2A5C2117C0F400464541 /* RoundedImage.swift */ = {isa = PBXFileReference; lastKnownFileType = sourcecode.swift; path = RoundedImage.swift; sourceTree = "<group>"; };
		06DF2A5E2118DE1800464541 /* TabViewController.swift */ = {isa = PBXFileReference; lastKnownFileType = sourcecode.swift; path = TabViewController.swift; sourceTree = "<group>"; };
		06F6E1292106605C00FF8E7F /* BestDeal.app */ = {isa = PBXFileReference; explicitFileType = wrapper.application; includeInIndex = 0; path = BestDeal.app; sourceTree = BUILT_PRODUCTS_DIR; };
		06F6E12C2106605C00FF8E7F /* AppDelegate.swift */ = {isa = PBXFileReference; lastKnownFileType = sourcecode.swift; path = AppDelegate.swift; sourceTree = "<group>"; };
		06F6E1312106605C00FF8E7F /* Base */ = {isa = PBXFileReference; lastKnownFileType = file.storyboard; name = Base; path = Base.lproj/Main.storyboard; sourceTree = "<group>"; };
		06F6E1332106605D00FF8E7F /* Assets.xcassets */ = {isa = PBXFileReference; lastKnownFileType = folder.assetcatalog; path = Assets.xcassets; sourceTree = "<group>"; };
		06F6E1362106605D00FF8E7F /* Base */ = {isa = PBXFileReference; lastKnownFileType = file.storyboard; name = Base; path = Base.lproj/LaunchScreen.storyboard; sourceTree = "<group>"; };
		06F6E1382106605D00FF8E7F /* Info.plist */ = {isa = PBXFileReference; lastKnownFileType = text.plist.xml; path = Info.plist; sourceTree = "<group>"; };
		06FFD55A2114CFEA009CE02C /* CameraResultsViewController.swift */ = {isa = PBXFileReference; lastKnownFileType = sourcecode.swift; path = CameraResultsViewController.swift; sourceTree = "<group>"; };
		746AF3892E12B307C4F95E38 /* Pods_BestDeal.framework */ = {isa = PBXFileReference; explicitFileType = wrapper.framework; includeInIndex = 0; path = Pods_BestDeal.framework; sourceTree = BUILT_PRODUCTS_DIR; };
		A30413C59ED3944EF80D9990 /* Pods-BestDeal.release.xcconfig */ = {isa = PBXFileReference; includeInIndex = 1; lastKnownFileType = text.xcconfig; name = "Pods-BestDeal.release.xcconfig"; path = "Pods/Target Support Files/Pods-BestDeal/Pods-BestDeal.release.xcconfig"; sourceTree = "<group>"; };
		A9EBB7C805224E1DA7E618B3 /* Pods-BestDeal.debug.xcconfig */ = {isa = PBXFileReference; includeInIndex = 1; lastKnownFileType = text.xcconfig; name = "Pods-BestDeal.debug.xcconfig"; path = "Pods/Target Support Files/Pods-BestDeal/Pods-BestDeal.debug.xcconfig"; sourceTree = "<group>"; };
/* End PBXFileReference section */

/* Begin PBXFrameworksBuildPhase section */
		06F6E1262106605C00FF8E7F /* Frameworks */ = {
			isa = PBXFrameworksBuildPhase;
			buildActionMask = 2147483647;
			files = (
				AA4A0E89A84234DEAFD77516 /* Pods_BestDeal.framework in Frameworks */,
			);
			runOnlyForDeploymentPostprocessing = 0;
		};
/* End PBXFrameworksBuildPhase section */

/* Begin PBXGroup section */
		06666C00210BBB4A00D941A4 /* HelperFiles */ = {
			isa = PBXGroup;
			children = (
				06666C01210BBB7700D941A4 /* ExtensionHelper.swift */,
				06DF2A5C2117C0F400464541 /* RoundedImage.swift */,
			);
			path = HelperFiles;
			sourceTree = "<group>";
		};
		0688FFC9210A43670032878D /* Model */ = {
			isa = PBXGroup;
			children = (
				06A6EB4321092F8C0077187A /* Ebay.swift */,
				06A6EB3F2107CA300077187A /* Walmart.swift */,
				06666C07210D106800D941A4 /* GeneralProduct.swift */,
			);
			path = Model;
			sourceTree = "<group>";
		};
		0688FFCA210A436F0032878D /* ModelController */ = {
			isa = PBXGroup;
			children = (
				06666C09210F8B1300D941A4 /* ProductFacade.swift */,
				06A6EB4521093FCF0077187A /* EbayController.swift */,
				06A6EB412107EDD60077187A /* WalmartController.swift */,
			);
			path = ModelController;
			sourceTree = "<group>";
		};
		0688FFCB210A43780032878D /* ViewController */ = {
			isa = PBXGroup;
			children = (
				0688FFD2210B7F9C0032878D /* HomeViewController.swift */,
				06DF2A5E2118DE1800464541 /* TabViewController.swift */,
				0688FFD4210B95700032878D /* CameraViewController.swift */,
				068CD0082110CBDA001CB932 /* FullResultsTableViewController.swift */,
				068CD00A2110D65A001CB932 /* FavoriteTableViewController.swift */,
				06FFD55A2114CFEA009CE02C /* CameraResultsViewController.swift */,
			);
			path = ViewController;
			sourceTree = "<group>";
		};
		0688FFCC210A43880032878D /* UI */ = {
			isa = PBXGroup;
			children = (
				06F6E1302106605C00FF8E7F /* Main.storyboard */,
				068E435D211E1E3000E51517 /* ResultsNavigationViewController.swift */,
				06F6E1352106605D00FF8E7F /* LaunchScreen.storyboard */,
				06666C05210C39D100D941A4 /* ResultsTableViewCell.swift */,
				068CD00C2110D70C001CB932 /* FullResultsTableViewCell.swift */,
				068CD00E2110D72A001CB932 /* FavoriteTableViewCell.swift */,
			);
			path = UI;
			sourceTree = "<group>";
		};
		0688FFCD210A43C00032878D /* Resources */ = {
			isa = PBXGroup;
			children = (
				06F6E12C2106605C00FF8E7F /* AppDelegate.swift */,
				06F6E1332106605D00FF8E7F /* Assets.xcassets */,
				06F6E1382106605D00FF8E7F /* Info.plist */,
			);
			path = Resources;
			sourceTree = "<group>";
		};
		06F6E1202106605B00FF8E7F = {
			isa = PBXGroup;
			children = (
				06F6E12B2106605C00FF8E7F /* BestDeal */,
				06F6E12A2106605C00FF8E7F /* Products */,
				408DC9E6C667346D4308B642 /* Pods */,
				C2F3F844EA5C409FFE5B4280 /* Frameworks */,
			);
			sourceTree = "<group>";
		};
		06F6E12A2106605C00FF8E7F /* Products */ = {
			isa = PBXGroup;
			children = (
				06F6E1292106605C00FF8E7F /* BestDeal.app */,
			);
			name = Products;
			sourceTree = "<group>";
		};
		06F6E12B2106605C00FF8E7F /* BestDeal */ = {
			isa = PBXGroup;
			children = (
				06666C00210BBB4A00D941A4 /* HelperFiles */,
				0688FFCD210A43C00032878D /* Resources */,
				0688FFCC210A43880032878D /* UI */,
				0688FFCB210A43780032878D /* ViewController */,
				0688FFCA210A436F0032878D /* ModelController */,
				0688FFC9210A43670032878D /* Model */,
				0688FFCE210B6FEE0032878D /* Constants.swift */,
			);
			path = BestDeal;
			sourceTree = "<group>";
		};
		408DC9E6C667346D4308B642 /* Pods */ = {
			isa = PBXGroup;
			children = (
				A9EBB7C805224E1DA7E618B3 /* Pods-BestDeal.debug.xcconfig */,
				A30413C59ED3944EF80D9990 /* Pods-BestDeal.release.xcconfig */,
			);
			name = Pods;
			sourceTree = "<group>";
		};
		C2F3F844EA5C409FFE5B4280 /* Frameworks */ = {
			isa = PBXGroup;
			children = (
				746AF3892E12B307C4F95E38 /* Pods_BestDeal.framework */,
			);
			name = Frameworks;
			sourceTree = "<group>";
		};
/* End PBXGroup section */

/* Begin PBXNativeTarget section */
		06F6E1282106605C00FF8E7F /* BestDeal */ = {
			isa = PBXNativeTarget;
			buildConfigurationList = 06F6E13B2106605D00FF8E7F /* Build configuration list for PBXNativeTarget "BestDeal" */;
			buildPhases = (
				9C9004204BDF584D1B00039F /* [CP] Check Pods Manifest.lock */,
				06F6E1252106605C00FF8E7F /* Sources */,
				06F6E1262106605C00FF8E7F /* Frameworks */,
				06F6E1272106605C00FF8E7F /* Resources */,
				1B04B4EA578F227D71894DC4 /* [CP] Embed Pods Frameworks */,
			);
			buildRules = (
			);
			dependencies = (
			);
			name = BestDeal;
			productName = BestDeal;
			productReference = 06F6E1292106605C00FF8E7F /* BestDeal.app */;
			productType = "com.apple.product-type.application";
		};
/* End PBXNativeTarget section */

/* Begin PBXProject section */
		06F6E1212106605B00FF8E7F /* Project object */ = {
			isa = PBXProject;
			attributes = {
				LastSwiftUpdateCheck = 0930;
				LastUpgradeCheck = 0930;
				ORGANIZATIONNAME = "Huzaifa Gadiwala";
				TargetAttributes = {
					06F6E1282106605C00FF8E7F = {
						CreatedOnToolsVersion = 9.3.1;
					};
				};
			};
			buildConfigurationList = 06F6E1242106605B00FF8E7F /* Build configuration list for PBXProject "BestDeal" */;
			compatibilityVersion = "Xcode 9.3";
			developmentRegion = en;
			hasScannedForEncodings = 0;
			knownRegions = (
				en,
				Base,
			);
			mainGroup = 06F6E1202106605B00FF8E7F;
			productRefGroup = 06F6E12A2106605C00FF8E7F /* Products */;
			projectDirPath = "";
			projectRoot = "";
			targets = (
				06F6E1282106605C00FF8E7F /* BestDeal */,
			);
		};
/* End PBXProject section */

/* Begin PBXResourcesBuildPhase section */
		06F6E1272106605C00FF8E7F /* Resources */ = {
			isa = PBXResourcesBuildPhase;
			buildActionMask = 2147483647;
			files = (
				06F6E1372106605D00FF8E7F /* LaunchScreen.storyboard in Resources */,
				06F6E1342106605D00FF8E7F /* Assets.xcassets in Resources */,
				06F6E1322106605C00FF8E7F /* Main.storyboard in Resources */,
			);
			runOnlyForDeploymentPostprocessing = 0;
		};
/* End PBXResourcesBuildPhase section */

/* Begin PBXShellScriptBuildPhase section */
		1B04B4EA578F227D71894DC4 /* [CP] Embed Pods Frameworks */ = {
			isa = PBXShellScriptBuildPhase;
			buildActionMask = 2147483647;
			files = (
			);
			inputPaths = (
				"${SRCROOT}/Pods/Target Support Files/Pods-BestDeal/Pods-BestDeal-frameworks.sh",
				"${BUILT_PRODUCTS_DIR}/BFOAuth/BFOAuth.framework",
				"${BUILT_PRODUCTS_DIR}/CloudSight/CloudSight.framework",
				"${BUILT_PRODUCTS_DIR}/RequestUtils/RequestUtils.framework",
			);
			name = "[CP] Embed Pods Frameworks";
			outputPaths = (
				"${TARGET_BUILD_DIR}/${FRAMEWORKS_FOLDER_PATH}/BFOAuth.framework",
				"${TARGET_BUILD_DIR}/${FRAMEWORKS_FOLDER_PATH}/CloudSight.framework",
				"${TARGET_BUILD_DIR}/${FRAMEWORKS_FOLDER_PATH}/RequestUtils.framework",
			);
			runOnlyForDeploymentPostprocessing = 0;
			shellPath = /bin/sh;
			shellScript = "\"${SRCROOT}/Pods/Target Support Files/Pods-BestDeal/Pods-BestDeal-frameworks.sh\"\n";
			showEnvVarsInLog = 0;
		};
		9C9004204BDF584D1B00039F /* [CP] Check Pods Manifest.lock */ = {
			isa = PBXShellScriptBuildPhase;
			buildActionMask = 2147483647;
			files = (
			);
			inputPaths = (
				"${PODS_PODFILE_DIR_PATH}/Podfile.lock",
				"${PODS_ROOT}/Manifest.lock",
			);
			name = "[CP] Check Pods Manifest.lock";
			outputPaths = (
				"$(DERIVED_FILE_DIR)/Pods-BestDeal-checkManifestLockResult.txt",
			);
			runOnlyForDeploymentPostprocessing = 0;
			shellPath = /bin/sh;
			shellScript = "diff \"${PODS_PODFILE_DIR_PATH}/Podfile.lock\" \"${PODS_ROOT}/Manifest.lock\" > /dev/null\nif [ $? != 0 ] ; then\n    # print error to STDERR\n    echo \"error: The sandbox is not in sync with the Podfile.lock. Run 'pod install' or update your CocoaPods installation.\" >&2\n    exit 1\nfi\n# This output is used by Xcode 'outputs' to avoid re-running this script phase.\necho \"SUCCESS\" > \"${SCRIPT_OUTPUT_FILE_0}\"\n";
			showEnvVarsInLog = 0;
		};
/* End PBXShellScriptBuildPhase section */

/* Begin PBXSourcesBuildPhase section */
		06F6E1252106605C00FF8E7F /* Sources */ = {
			isa = PBXSourcesBuildPhase;
			buildActionMask = 2147483647;
			files = (
				06A6EB402107CA300077187A /* Walmart.swift in Sources */,
				068CD00D2110D70C001CB932 /* FullResultsTableViewCell.swift in Sources */,
				06A6EB4421092F8C0077187A /* Ebay.swift in Sources */,
				06666C08210D106800D941A4 /* GeneralProduct.swift in Sources */,
				06666C02210BBB7700D941A4 /* ExtensionHelper.swift in Sources */,
				06A6EB422107EDD60077187A /* WalmartController.swift in Sources */,
				068CD00F2110D72A001CB932 /* FavoriteTableViewCell.swift in Sources */,
				068CD00B2110D65A001CB932 /* FavoriteTableViewController.swift in Sources */,
				06DF2A5F2118DE1800464541 /* TabViewController.swift in Sources */,
				06666C06210C39D100D941A4 /* ResultsTableViewCell.swift in Sources */,
				0688FFCF210B6FEE0032878D /* Constants.swift in Sources */,
				06DF2A5D2117C0F400464541 /* RoundedImage.swift in Sources */,
				06A6EB4621093FCF0077187A /* EbayController.swift in Sources */,
				068E435E211E1E3000E51517 /* ResultsNavigationViewController.swift in Sources */,
				068CD0092110CBDA001CB932 /* FullResultsTableViewController.swift in Sources */,
				0688FFD5210B95700032878D /* CameraViewController.swift in Sources */,
				06666C0A210F8B1300D941A4 /* ProductFacade.swift in Sources */,
				0688FFD3210B7F9C0032878D /* HomeViewController.swift in Sources */,
				06FFD55B2114CFEA009CE02C /* CameraResultsViewController.swift in Sources */,
				06F6E12D2106605C00FF8E7F /* AppDelegate.swift in Sources */,
			);
			runOnlyForDeploymentPostprocessing = 0;
		};
/* End PBXSourcesBuildPhase section */

/* Begin PBXVariantGroup section */
		06F6E1302106605C00FF8E7F /* Main.storyboard */ = {
			isa = PBXVariantGroup;
			children = (
				06F6E1312106605C00FF8E7F /* Base */,
			);
			name = Main.storyboard;
			sourceTree = "<group>";
		};
		06F6E1352106605D00FF8E7F /* LaunchScreen.storyboard */ = {
			isa = PBXVariantGroup;
			children = (
				06F6E1362106605D00FF8E7F /* Base */,
			);
			name = LaunchScreen.storyboard;
			sourceTree = "<group>";
		};
/* End PBXVariantGroup section */

/* Begin XCBuildConfiguration section */
		06F6E1392106605D00FF8E7F /* Debug */ = {
			isa = XCBuildConfiguration;
			buildSettings = {
				ALWAYS_SEARCH_USER_PATHS = NO;
				CLANG_ANALYZER_NONNULL = YES;
				CLANG_ANALYZER_NUMBER_OBJECT_CONVERSION = YES_AGGRESSIVE;
				CLANG_CXX_LANGUAGE_STANDARD = "gnu++14";
				CLANG_CXX_LIBRARY = "libc++";
				CLANG_ENABLE_MODULES = YES;
				CLANG_ENABLE_OBJC_ARC = YES;
				CLANG_ENABLE_OBJC_WEAK = YES;
				CLANG_WARN_BLOCK_CAPTURE_AUTORELEASING = YES;
				CLANG_WARN_BOOL_CONVERSION = YES;
				CLANG_WARN_COMMA = YES;
				CLANG_WARN_CONSTANT_CONVERSION = YES;
				CLANG_WARN_DEPRECATED_OBJC_IMPLEMENTATIONS = YES;
				CLANG_WARN_DIRECT_OBJC_ISA_USAGE = YES_ERROR;
				CLANG_WARN_DOCUMENTATION_COMMENTS = YES;
				CLANG_WARN_EMPTY_BODY = YES;
				CLANG_WARN_ENUM_CONVERSION = YES;
				CLANG_WARN_INFINITE_RECURSION = YES;
				CLANG_WARN_INT_CONVERSION = YES;
				CLANG_WARN_NON_LITERAL_NULL_CONVERSION = YES;
				CLANG_WARN_OBJC_IMPLICIT_RETAIN_SELF = YES;
				CLANG_WARN_OBJC_LITERAL_CONVERSION = YES;
				CLANG_WARN_OBJC_ROOT_CLASS = YES_ERROR;
				CLANG_WARN_RANGE_LOOP_ANALYSIS = YES;
				CLANG_WARN_STRICT_PROTOTYPES = YES;
				CLANG_WARN_SUSPICIOUS_MOVE = YES;
				CLANG_WARN_UNGUARDED_AVAILABILITY = YES_AGGRESSIVE;
				CLANG_WARN_UNREACHABLE_CODE = YES;
				CLANG_WARN__DUPLICATE_METHOD_MATCH = YES;
				CODE_SIGN_IDENTITY = "iPhone Developer";
				COPY_PHASE_STRIP = NO;
				DEBUG_INFORMATION_FORMAT = dwarf;
				ENABLE_STRICT_OBJC_MSGSEND = YES;
				ENABLE_TESTABILITY = YES;
				GCC_C_LANGUAGE_STANDARD = gnu11;
				GCC_DYNAMIC_NO_PIC = NO;
				GCC_NO_COMMON_BLOCKS = YES;
				GCC_OPTIMIZATION_LEVEL = 0;
				GCC_PREPROCESSOR_DEFINITIONS = (
					"DEBUG=1",
					"$(inherited)",
				);
				GCC_WARN_64_TO_32_BIT_CONVERSION = YES;
				GCC_WARN_ABOUT_RETURN_TYPE = YES_ERROR;
				GCC_WARN_UNDECLARED_SELECTOR = YES;
				GCC_WARN_UNINITIALIZED_AUTOS = YES_AGGRESSIVE;
				GCC_WARN_UNUSED_FUNCTION = YES;
				GCC_WARN_UNUSED_VARIABLE = YES;
				IPHONEOS_DEPLOYMENT_TARGET = 11.3;
				MTL_ENABLE_DEBUG_INFO = YES;
				ONLY_ACTIVE_ARCH = YES;
				SDKROOT = iphoneos;
				SWIFT_ACTIVE_COMPILATION_CONDITIONS = DEBUG;
				SWIFT_OPTIMIZATION_LEVEL = "-Onone";
			};
			name = Debug;
		};
		06F6E13A2106605D00FF8E7F /* Release */ = {
			isa = XCBuildConfiguration;
			buildSettings = {
				ALWAYS_SEARCH_USER_PATHS = NO;
				CLANG_ANALYZER_NONNULL = YES;
				CLANG_ANALYZER_NUMBER_OBJECT_CONVERSION = YES_AGGRESSIVE;
				CLANG_CXX_LANGUAGE_STANDARD = "gnu++14";
				CLANG_CXX_LIBRARY = "libc++";
				CLANG_ENABLE_MODULES = YES;
				CLANG_ENABLE_OBJC_ARC = YES;
				CLANG_ENABLE_OBJC_WEAK = YES;
				CLANG_WARN_BLOCK_CAPTURE_AUTORELEASING = YES;
				CLANG_WARN_BOOL_CONVERSION = YES;
				CLANG_WARN_COMMA = YES;
				CLANG_WARN_CONSTANT_CONVERSION = YES;
				CLANG_WARN_DEPRECATED_OBJC_IMPLEMENTATIONS = YES;
				CLANG_WARN_DIRECT_OBJC_ISA_USAGE = YES_ERROR;
				CLANG_WARN_DOCUMENTATION_COMMENTS = YES;
				CLANG_WARN_EMPTY_BODY = YES;
				CLANG_WARN_ENUM_CONVERSION = YES;
				CLANG_WARN_INFINITE_RECURSION = YES;
				CLANG_WARN_INT_CONVERSION = YES;
				CLANG_WARN_NON_LITERAL_NULL_CONVERSION = YES;
				CLANG_WARN_OBJC_IMPLICIT_RETAIN_SELF = YES;
				CLANG_WARN_OBJC_LITERAL_CONVERSION = YES;
				CLANG_WARN_OBJC_ROOT_CLASS = YES_ERROR;
				CLANG_WARN_RANGE_LOOP_ANALYSIS = YES;
				CLANG_WARN_STRICT_PROTOTYPES = YES;
				CLANG_WARN_SUSPICIOUS_MOVE = YES;
				CLANG_WARN_UNGUARDED_AVAILABILITY = YES_AGGRESSIVE;
				CLANG_WARN_UNREACHABLE_CODE = YES;
				CLANG_WARN__DUPLICATE_METHOD_MATCH = YES;
				CODE_SIGN_IDENTITY = "iPhone Developer";
				COPY_PHASE_STRIP = NO;
				DEBUG_INFORMATION_FORMAT = "dwarf-with-dsym";
				ENABLE_NS_ASSERTIONS = NO;
				ENABLE_STRICT_OBJC_MSGSEND = YES;
				GCC_C_LANGUAGE_STANDARD = gnu11;
				GCC_NO_COMMON_BLOCKS = YES;
				GCC_WARN_64_TO_32_BIT_CONVERSION = YES;
				GCC_WARN_ABOUT_RETURN_TYPE = YES_ERROR;
				GCC_WARN_UNDECLARED_SELECTOR = YES;
				GCC_WARN_UNINITIALIZED_AUTOS = YES_AGGRESSIVE;
				GCC_WARN_UNUSED_FUNCTION = YES;
				GCC_WARN_UNUSED_VARIABLE = YES;
				IPHONEOS_DEPLOYMENT_TARGET = 11.3;
				MTL_ENABLE_DEBUG_INFO = NO;
				SDKROOT = iphoneos;
				SWIFT_COMPILATION_MODE = wholemodule;
				SWIFT_OPTIMIZATION_LEVEL = "-O";
				VALIDATE_PRODUCT = YES;
			};
			name = Release;
		};
		06F6E13C2106605D00FF8E7F /* Debug */ = {
			isa = XCBuildConfiguration;
			baseConfigurationReference = A9EBB7C805224E1DA7E618B3 /* Pods-BestDeal.debug.xcconfig */;
			buildSettings = {
				ASSETCATALOG_COMPILER_APPICON_NAME = AppIcon;
				CODE_SIGN_STYLE = Automatic;
				DEVELOPMENT_TEAM = QE6MX92YZ5;
				INFOPLIST_FILE = "$(SRCROOT)/BestDeal/Resources/Info.plist";
				LD_RUNPATH_SEARCH_PATHS = (
					"$(inherited)",
					"@executable_path/Frameworks",
				);
				PRODUCT_BUNDLE_IDENTIFIER = com.HuzaifaGadiwala.BestDeal;
				PRODUCT_NAME = "$(TARGET_NAME)";
				SWIFT_VERSION = 4.0;
				TARGETED_DEVICE_FAMILY = "1,2";
			};
			name = Debug;
		};
		06F6E13D2106605D00FF8E7F /* Release */ = {
			isa = XCBuildConfiguration;
			baseConfigurationReference = A30413C59ED3944EF80D9990 /* Pods-BestDeal.release.xcconfig */;
			buildSettings = {
				ASSETCATALOG_COMPILER_APPICON_NAME = AppIcon;
				CODE_SIGN_STYLE = Automatic;
				DEVELOPMENT_TEAM = QE6MX92YZ5;
				INFOPLIST_FILE = "$(SRCROOT)/BestDeal/Resources/Info.plist";
				LD_RUNPATH_SEARCH_PATHS = (
					"$(inherited)",
					"@executable_path/Frameworks",
				);
				PRODUCT_BUNDLE_IDENTIFIER = com.HuzaifaGadiwala.BestDeal;
				PRODUCT_NAME = "$(TARGET_NAME)";
				SWIFT_VERSION = 4.0;
				TARGETED_DEVICE_FAMILY = "1,2";
			};
			name = Release;
		};
/* End XCBuildConfiguration section */

/* Begin XCConfigurationList section */
		06F6E1242106605B00FF8E7F /* Build configuration list for PBXProject "BestDeal" */ = {
			isa = XCConfigurationList;
			buildConfigurations = (
				06F6E1392106605D00FF8E7F /* Debug */,
				06F6E13A2106605D00FF8E7F /* Release */,
			);
			defaultConfigurationIsVisible = 0;
			defaultConfigurationName = Release;
		};
		06F6E13B2106605D00FF8E7F /* Build configuration list for PBXNativeTarget "BestDeal" */ = {
			isa = XCConfigurationList;
			buildConfigurations = (
				06F6E13C2106605D00FF8E7F /* Debug */,
				06F6E13D2106605D00FF8E7F /* Release */,
			);
			defaultConfigurationIsVisible = 0;
			defaultConfigurationName = Release;
		};
/* End XCConfigurationList section */
	};
	rootObject = 06F6E1212106605B00FF8E7F /* Project object */;
}
